
Microsoft Visual Studio Solution File, Format Version 12.00
# Visual Studio Version 16
VisualStudioVersion = 16.0.29209.62
MinimumVisualStudioVersion = 10.0.40219.1
Project("{FAE04EC0-301F-11D3-BF4B-00C04F79EFBC}") = "Library", "Library\Library.csproj", "{CDB4E695-FED9-481D-B636-ADA5106AD844}"
EndProject
Project("{FAE04EC0-301F-11D3-BF4B-00C04F79EFBC}") = "Launcher", "Launcher\Launcher.csproj", "{776863D5-D1CD-487F-83CD-B5470D64DB74}"
EndProject
Project("{FAE04EC0-301F-11D3-BF4B-00C04F79EFBC}") = "PatchManager", "PatchManager\PatchManager.csproj", "{08448D7C-1B78-4C7B-819C-FC852C7C6D14}"
EndProject
Project("{FAE04EC0-301F-11D3-BF4B-00C04F79EFBC}") = "Client", "Client\Client.csproj", "{96CA9837-F7B2-4835-BCF9-40D8C8D4981E}"
EndProject
Project("{FAE04EC0-301F-11D3-BF4B-00C04F79EFBC}") = "Server", "Server\Server.csproj", "{96AB70CE-1B6A-4511-BDD3-3AADD4DAD15A}"
EndProject
Project("{FAE04EC0-301F-11D3-BF4B-00C04F79EFBC}") = "ImageManager", "ImageManager\ImageManager.csproj", "{AFE88EDC-61A2-429B-A338-14B3163797F9}"
EndProject
Project("{FAE04EC0-301F-11D3-BF4B-00C04F79EFBC}") = "Patcher", "Patcher\Patcher.csproj", "{9D96CE9C-EBA1-4293-B9BD-ADCAB5DFB900}"
EndProject
Project("{FAE04EC0-301F-11D3-BF4B-00C04F79EFBC}") = "LibraryEditor", "LibraryEditor\LibraryEditor.csproj", "{A779B96A-AE74-47E7-B0CA-A02B26C1F61E}"
EndProject
Project("{2150E333-8FDC-42A3-9474-1A3956D46DE8}") = "Tools", "Tools", "{C951172F-95CE-41EC-861A-E8A26A13B962}"
EndProject
Project("{2150E333-8FDC-42A3-9474-1A3956D46DE8}") = "Packages", "Packages", "{F9440137-0C68-46F3-B235-D7805132DA3F}"
EndProject
Project("{2150E333-8FDC-42A3-9474-1A3956D46DE8}") = "ImageLibrary", "ImageLibrary", "{09D50F2C-8F30-455D-9F75-C4E84F344F48}"
EndProject
Project("{9A19103F-16F7-4668-BE54-9A1E7A4F7556}") = "Mir.ImageLibrary", "Mir.ImageLibrary\Mir.ImageLibrary.csproj", "{4B5BF063-9CB1-4EDA-B66E-FF95AEE5FA20}"
EndProject
Project("{9A19103F-16F7-4668-BE54-9A1E7A4F7556}") = "Mir.ImageLibrary.Zircon", "Mir.ImageLibrary.Zircon\Mir.ImageLibrary.Zircon.csproj", "{2BE57DB9-E2A2-4D1B-A0BE-EF846999D8C2}"
EndProject
Project("{9A19103F-16F7-4668-BE54-9A1E7A4F7556}") = "Mir.ImageLibrary.Zircon.Editor", "Mir.ImageLibrary.Zircon.Editor\Mir.ImageLibrary.Zircon.Editor.csproj", "{8198C0CB-9340-44A7-8364-5262BD2D4571}"
EndProject
Project("{9A19103F-16F7-4668-BE54-9A1E7A4F7556}") = "Epsylon.TextureSquish", "TextureSquish\Epsylon.TextureSquish.csproj", "{AC40A8AD-8217-48A4-8A00-171199F9AB66}"
EndProject
Project("{9A19103F-16F7-4668-BE54-9A1E7A4F7556}") = "Mir.ImageLibrary.Wemade", "Mir.ImageLibrary.Wemade\Mir.ImageLibrary.Wemade.csproj", "{A10D760D-7EBB-471D-B5A4-C42C142DA411}"
EndProject
Project("{9A19103F-16F7-4668-BE54-9A1E7A4F7556}") = "Mir.ImageLibrary.Converter", "Mir.ImageLibrary.Converter\Mir.ImageLibrary.Converter.csproj", "{29A49B6E-D7FD-46B3-8D3A-33497400083C}"
EndProject
Global
	GlobalSection(SolutionConfigurationPlatforms) = preSolution
		Debug|Any CPU = Debug|Any CPU
		Debug|x64 = Debug|x64
		Debug|x86 = Debug|x86
		Release|Any CPU = Release|Any CPU
		Release|x64 = Release|x64
		Release|x86 = Release|x86
	EndGlobalSection
	GlobalSection(ProjectConfigurationPlatforms) = postSolution
		{CDB4E695-FED9-481D-B636-ADA5106AD844}.Debug|Any CPU.ActiveCfg = Debug|Any CPU
		{CDB4E695-FED9-481D-B636-ADA5106AD844}.Debug|Any CPU.Build.0 = Debug|Any CPU
		{CDB4E695-FED9-481D-B636-ADA5106AD844}.Debug|x64.ActiveCfg = Debug|Any CPU
		{CDB4E695-FED9-481D-B636-ADA5106AD844}.Debug|x64.Build.0 = Debug|Any CPU
		{CDB4E695-FED9-481D-B636-ADA5106AD844}.Debug|x86.ActiveCfg = Debug|Any CPU
		{CDB4E695-FED9-481D-B636-ADA5106AD844}.Debug|x86.Build.0 = Debug|Any CPU
		{CDB4E695-FED9-481D-B636-ADA5106AD844}.Release|Any CPU.ActiveCfg = Release|Any CPU
		{CDB4E695-FED9-481D-B636-ADA5106AD844}.Release|Any CPU.Build.0 = Release|Any CPU
		{CDB4E695-FED9-481D-B636-ADA5106AD844}.Release|x64.ActiveCfg = Release|Any CPU
		{CDB4E695-FED9-481D-B636-ADA5106AD844}.Release|x64.Build.0 = Release|Any CPU
		{CDB4E695-FED9-481D-B636-ADA5106AD844}.Release|x86.ActiveCfg = Release|Any CPU
		{CDB4E695-FED9-481D-B636-ADA5106AD844}.Release|x86.Build.0 = Release|Any CPU
		{776863D5-D1CD-487F-83CD-B5470D64DB74}.Debug|Any CPU.ActiveCfg = Debug|Any CPU
		{776863D5-D1CD-487F-83CD-B5470D64DB74}.Debug|Any CPU.Build.0 = Debug|Any CPU
		{776863D5-D1CD-487F-83CD-B5470D64DB74}.Debug|x64.ActiveCfg = Debug|Any CPU
		{776863D5-D1CD-487F-83CD-B5470D64DB74}.Debug|x64.Build.0 = Debug|Any CPU
		{776863D5-D1CD-487F-83CD-B5470D64DB74}.Debug|x86.ActiveCfg = Debug|Any CPU
		{776863D5-D1CD-487F-83CD-B5470D64DB74}.Debug|x86.Build.0 = Debug|Any CPU
		{776863D5-D1CD-487F-83CD-B5470D64DB74}.Release|Any CPU.ActiveCfg = Release|Any CPU
		{776863D5-D1CD-487F-83CD-B5470D64DB74}.Release|Any CPU.Build.0 = Release|Any CPU
		{776863D5-D1CD-487F-83CD-B5470D64DB74}.Release|x64.ActiveCfg = Release|Any CPU
		{776863D5-D1CD-487F-83CD-B5470D64DB74}.Release|x64.Build.0 = Release|Any CPU
		{776863D5-D1CD-487F-83CD-B5470D64DB74}.Release|x86.ActiveCfg = Release|Any CPU
		{776863D5-D1CD-487F-83CD-B5470D64DB74}.Release|x86.Build.0 = Release|Any CPU
		{08448D7C-1B78-4C7B-819C-FC852C7C6D14}.Debug|Any CPU.ActiveCfg = Debug|Any CPU
		{08448D7C-1B78-4C7B-819C-FC852C7C6D14}.Debug|Any CPU.Build.0 = Debug|Any CPU
		{08448D7C-1B78-4C7B-819C-FC852C7C6D14}.Debug|x64.ActiveCfg = Debug|Any CPU
		{08448D7C-1B78-4C7B-819C-FC852C7C6D14}.Debug|x64.Build.0 = Debug|Any CPU
		{08448D7C-1B78-4C7B-819C-FC852C7C6D14}.Debug|x86.ActiveCfg = Debug|Any CPU
		{08448D7C-1B78-4C7B-819C-FC852C7C6D14}.Debug|x86.Build.0 = Debug|Any CPU
		{08448D7C-1B78-4C7B-819C-FC852C7C6D14}.Release|Any CPU.ActiveCfg = Release|Any CPU
		{08448D7C-1B78-4C7B-819C-FC852C7C6D14}.Release|Any CPU.Build.0 = Release|Any CPU
		{08448D7C-1B78-4C7B-819C-FC852C7C6D14}.Release|x64.ActiveCfg = Release|Any CPU
		{08448D7C-1B78-4C7B-819C-FC852C7C6D14}.Release|x64.Build.0 = Release|Any CPU
		{08448D7C-1B78-4C7B-819C-FC852C7C6D14}.Release|x86.ActiveCfg = Release|Any CPU
		{08448D7C-1B78-4C7B-819C-FC852C7C6D14}.Release|x86.Build.0 = Release|Any CPU
		{96CA9837-F7B2-4835-BCF9-40D8C8D4981E}.Debug|Any CPU.ActiveCfg = Debug|Any CPU
		{96CA9837-F7B2-4835-BCF9-40D8C8D4981E}.Debug|Any CPU.Build.0 = Debug|Any CPU
		{96CA9837-F7B2-4835-BCF9-40D8C8D4981E}.Debug|x64.ActiveCfg = Debug|Any CPU
		{96CA9837-F7B2-4835-BCF9-40D8C8D4981E}.Debug|x64.Build.0 = Debug|Any CPU
		{96CA9837-F7B2-4835-BCF9-40D8C8D4981E}.Debug|x86.ActiveCfg = Debug|Any CPU
		{96CA9837-F7B2-4835-BCF9-40D8C8D4981E}.Debug|x86.Build.0 = Debug|Any CPU
		{96CA9837-F7B2-4835-BCF9-40D8C8D4981E}.Release|Any CPU.ActiveCfg = Release|Any CPU
		{96CA9837-F7B2-4835-BCF9-40D8C8D4981E}.Release|Any CPU.Build.0 = Release|Any CPU
		{96CA9837-F7B2-4835-BCF9-40D8C8D4981E}.Release|x64.ActiveCfg = Release|Any CPU
		{96CA9837-F7B2-4835-BCF9-40D8C8D4981E}.Release|x64.Build.0 = Release|Any CPU
		{96CA9837-F7B2-4835-BCF9-40D8C8D4981E}.Release|x86.ActiveCfg = Release|Any CPU
		{96CA9837-F7B2-4835-BCF9-40D8C8D4981E}.Release|x86.Build.0 = Release|Any CPU
		{96AB70CE-1B6A-4511-BDD3-3AADD4DAD15A}.Debug|Any CPU.ActiveCfg = Debug|Any CPU
		{96AB70CE-1B6A-4511-BDD3-3AADD4DAD15A}.Debug|Any CPU.Build.0 = Debug|Any CPU
		{96AB70CE-1B6A-4511-BDD3-3AADD4DAD15A}.Debug|x64.ActiveCfg = Debug|Any CPU
		{96AB70CE-1B6A-4511-BDD3-3AADD4DAD15A}.Debug|x64.Build.0 = Debug|Any CPU
		{96AB70CE-1B6A-4511-BDD3-3AADD4DAD15A}.Debug|x86.ActiveCfg = Debug|Any CPU
		{96AB70CE-1B6A-4511-BDD3-3AADD4DAD15A}.Debug|x86.Build.0 = Debug|Any CPU
		{96AB70CE-1B6A-4511-BDD3-3AADD4DAD15A}.Release|Any CPU.ActiveCfg = Release|Any CPU
		{96AB70CE-1B6A-4511-BDD3-3AADD4DAD15A}.Release|Any CPU.Build.0 = Release|Any CPU
		{96AB70CE-1B6A-4511-BDD3-3AADD4DAD15A}.Release|x64.ActiveCfg = Release|Any CPU
		{96AB70CE-1B6A-4511-BDD3-3AADD4DAD15A}.Release|x64.Build.0 = Release|Any CPU
		{96AB70CE-1B6A-4511-BDD3-3AADD4DAD15A}.Release|x86.ActiveCfg = Release|Any CPU
		{96AB70CE-1B6A-4511-BDD3-3AADD4DAD15A}.Release|x86.Build.0 = Release|Any CPU
		{AFE88EDC-61A2-429B-A338-14B3163797F9}.Debug|Any CPU.ActiveCfg = Debug|Any CPU
		{AFE88EDC-61A2-429B-A338-14B3163797F9}.Debug|Any CPU.Build.0 = Debug|Any CPU
		{AFE88EDC-61A2-429B-A338-14B3163797F9}.Debug|x64.ActiveCfg = Debug|Any CPU
		{AFE88EDC-61A2-429B-A338-14B3163797F9}.Debug|x64.Build.0 = Debug|Any CPU
		{AFE88EDC-61A2-429B-A338-14B3163797F9}.Debug|x86.ActiveCfg = Debug|Any CPU
		{AFE88EDC-61A2-429B-A338-14B3163797F9}.Debug|x86.Build.0 = Debug|Any CPU
		{AFE88EDC-61A2-429B-A338-14B3163797F9}.Release|Any CPU.ActiveCfg = Release|Any CPU
		{AFE88EDC-61A2-429B-A338-14B3163797F9}.Release|Any CPU.Build.0 = Release|Any CPU
		{AFE88EDC-61A2-429B-A338-14B3163797F9}.Release|x64.ActiveCfg = Release|Any CPU
		{AFE88EDC-61A2-429B-A338-14B3163797F9}.Release|x64.Build.0 = Release|Any CPU
		{AFE88EDC-61A2-429B-A338-14B3163797F9}.Release|x86.ActiveCfg = Release|Any CPU
		{AFE88EDC-61A2-429B-A338-14B3163797F9}.Release|x86.Build.0 = Release|Any CPU
		{9D96CE9C-EBA1-4293-B9BD-ADCAB5DFB900}.Debug|Any CPU.ActiveCfg = Debug|Any CPU
		{9D96CE9C-EBA1-4293-B9BD-ADCAB5DFB900}.Debug|Any CPU.Build.0 = Debug|Any CPU
		{9D96CE9C-EBA1-4293-B9BD-ADCAB5DFB900}.Debug|x64.ActiveCfg = Debug|Any CPU
		{9D96CE9C-EBA1-4293-B9BD-ADCAB5DFB900}.Debug|x64.Build.0 = Debug|Any CPU
		{9D96CE9C-EBA1-4293-B9BD-ADCAB5DFB900}.Debug|x86.ActiveCfg = Debug|Any CPU
		{9D96CE9C-EBA1-4293-B9BD-ADCAB5DFB900}.Debug|x86.Build.0 = Debug|Any CPU
		{9D96CE9C-EBA1-4293-B9BD-ADCAB5DFB900}.Release|Any CPU.ActiveCfg = Release|Any CPU
		{9D96CE9C-EBA1-4293-B9BD-ADCAB5DFB900}.Release|Any CPU.Build.0 = Release|Any CPU
		{9D96CE9C-EBA1-4293-B9BD-ADCAB5DFB900}.Release|x64.ActiveCfg = Release|Any CPU
		{9D96CE9C-EBA1-4293-B9BD-ADCAB5DFB900}.Release|x64.Build.0 = Release|Any CPU
		{9D96CE9C-EBA1-4293-B9BD-ADCAB5DFB900}.Release|x86.ActiveCfg = Release|Any CPU
		{9D96CE9C-EBA1-4293-B9BD-ADCAB5DFB900}.Release|x86.Build.0 = Release|Any CPU
		{A779B96A-AE74-47E7-B0CA-A02B26C1F61E}.Debug|Any CPU.ActiveCfg = Debug|x86
		{A779B96A-AE74-47E7-B0CA-A02B26C1F61E}.Debug|Any CPU.Build.0 = Debug|x86
		{A779B96A-AE74-47E7-B0CA-A02B26C1F61E}.Debug|x64.ActiveCfg = Debug|x64
		{A779B96A-AE74-47E7-B0CA-A02B26C1F61E}.Debug|x64.Build.0 = Debug|x64
		{A779B96A-AE74-47E7-B0CA-A02B26C1F61E}.Debug|x86.ActiveCfg = Debug|x86
		{A779B96A-AE74-47E7-B0CA-A02B26C1F61E}.Debug|x86.Build.0 = Debug|x86
		{A779B96A-AE74-47E7-B0CA-A02B26C1F61E}.Release|Any CPU.ActiveCfg = Release|x86
		{A779B96A-AE74-47E7-B0CA-A02B26C1F61E}.Release|x64.ActiveCfg = Release|x64
		{A779B96A-AE74-47E7-B0CA-A02B26C1F61E}.Release|x64.Build.0 = Release|x64
		{A779B96A-AE74-47E7-B0CA-A02B26C1F61E}.Release|x86.ActiveCfg = Release|x86
		{A779B96A-AE74-47E7-B0CA-A02B26C1F61E}.Release|x86.Build.0 = Release|x86
		{4B5BF063-9CB1-4EDA-B66E-FF95AEE5FA20}.Debug|Any CPU.ActiveCfg = Debug|Any CPU
		{4B5BF063-9CB1-4EDA-B66E-FF95AEE5FA20}.Debug|Any CPU.Build.0 = Debug|Any CPU
		{4B5BF063-9CB1-4EDA-B66E-FF95AEE5FA20}.Debug|x64.ActiveCfg = Debug|Any CPU
		{4B5BF063-9CB1-4EDA-B66E-FF95AEE5FA20}.Debug|x64.Build.0 = Debug|Any CPU
		{4B5BF063-9CB1-4EDA-B66E-FF95AEE5FA20}.Debug|x86.ActiveCfg = Debug|Any CPU
		{4B5BF063-9CB1-4EDA-B66E-FF95AEE5FA20}.Debug|x86.Build.0 = Debug|Any CPU
		{4B5BF063-9CB1-4EDA-B66E-FF95AEE5FA20}.Release|Any CPU.ActiveCfg = Release|Any CPU
		{4B5BF063-9CB1-4EDA-B66E-FF95AEE5FA20}.Release|Any CPU.Build.0 = Release|Any CPU
		{4B5BF063-9CB1-4EDA-B66E-FF95AEE5FA20}.Release|x64.ActiveCfg = Release|Any CPU
		{4B5BF063-9CB1-4EDA-B66E-FF95AEE5FA20}.Release|x64.Build.0 = Release|Any CPU
		{4B5BF063-9CB1-4EDA-B66E-FF95AEE5FA20}.Release|x86.ActiveCfg = Release|Any CPU
		{4B5BF063-9CB1-4EDA-B66E-FF95AEE5FA20}.Release|x86.Build.0 = Release|Any CPU
		{2BE57DB9-E2A2-4D1B-A0BE-EF846999D8C2}.Debug|Any CPU.ActiveCfg = Debug|Any CPU
		{2BE57DB9-E2A2-4D1B-A0BE-EF846999D8C2}.Debug|Any CPU.Build.0 = Debug|Any CPU
		{2BE57DB9-E2A2-4D1B-A0BE-EF846999D8C2}.Debug|x64.ActiveCfg = Debug|Any CPU
		{2BE57DB9-E2A2-4D1B-A0BE-EF846999D8C2}.Debug|x64.Build.0 = Debug|Any CPU
		{2BE57DB9-E2A2-4D1B-A0BE-EF846999D8C2}.Debug|x86.ActiveCfg = Debug|Any CPU
		{2BE57DB9-E2A2-4D1B-A0BE-EF846999D8C2}.Debug|x86.Build.0 = Debug|Any CPU
		{2BE57DB9-E2A2-4D1B-A0BE-EF846999D8C2}.Release|Any CPU.ActiveCfg = Release|Any CPU
		{2BE57DB9-E2A2-4D1B-A0BE-EF846999D8C2}.Release|Any CPU.Build.0 = Release|Any CPU
		{2BE57DB9-E2A2-4D1B-A0BE-EF846999D8C2}.Release|x64.ActiveCfg = Release|Any CPU
		{2BE57DB9-E2A2-4D1B-A0BE-EF846999D8C2}.Release|x64.Build.0 = Release|Any CPU
		{2BE57DB9-E2A2-4D1B-A0BE-EF846999D8C2}.Release|x86.ActiveCfg = Release|Any CPU
		{2BE57DB9-E2A2-4D1B-A0BE-EF846999D8C2}.Release|x86.Build.0 = Release|Any CPU
		{32E368C2-BF35-4C46-BF89-549A0C46664C}.Debug|Any CPU.ActiveCfg = Debug|Any CPU
		{32E368C2-BF35-4C46-BF89-549A0C46664C}.Debug|Any CPU.Build.0 = Debug|Any CPU
		{32E368C2-BF35-4C46-BF89-549A0C46664C}.Debug|x64.ActiveCfg = Debug|Any CPU
		{32E368C2-BF35-4C46-BF89-549A0C46664C}.Debug|x64.Build.0 = Debug|Any CPU
		{32E368C2-BF35-4C46-BF89-549A0C46664C}.Debug|x86.ActiveCfg = Debug|Any CPU
		{32E368C2-BF35-4C46-BF89-549A0C46664C}.Debug|x86.Build.0 = Debug|Any CPU
		{32E368C2-BF35-4C46-BF89-549A0C46664C}.Release|Any CPU.ActiveCfg = Release|Any CPU
		{32E368C2-BF35-4C46-BF89-549A0C46664C}.Release|Any CPU.Build.0 = Release|Any CPU
		{32E368C2-BF35-4C46-BF89-549A0C46664C}.Release|x64.ActiveCfg = Release|Any CPU
		{32E368C2-BF35-4C46-BF89-549A0C46664C}.Release|x64.Build.0 = Release|Any CPU
		{32E368C2-BF35-4C46-BF89-549A0C46664C}.Release|x86.ActiveCfg = Release|Any CPU
		{32E368C2-BF35-4C46-BF89-549A0C46664C}.Release|x86.Build.0 = Release|Any CPU
		{8198C0CB-9340-44A7-8364-5262BD2D4571}.Debug|Any CPU.ActiveCfg = Debug|Any CPU
		{8198C0CB-9340-44A7-8364-5262BD2D4571}.Debug|Any CPU.Build.0 = Debug|Any CPU
		{8198C0CB-9340-44A7-8364-5262BD2D4571}.Debug|x64.ActiveCfg = Debug|Any CPU
		{8198C0CB-9340-44A7-8364-5262BD2D4571}.Debug|x64.Build.0 = Debug|Any CPU
		{8198C0CB-9340-44A7-8364-5262BD2D4571}.Debug|x86.ActiveCfg = Debug|Any CPU
		{8198C0CB-9340-44A7-8364-5262BD2D4571}.Debug|x86.Build.0 = Debug|Any CPU
		{8198C0CB-9340-44A7-8364-5262BD2D4571}.Release|Any CPU.ActiveCfg = Release|Any CPU
		{8198C0CB-9340-44A7-8364-5262BD2D4571}.Release|Any CPU.Build.0 = Release|Any CPU
		{8198C0CB-9340-44A7-8364-5262BD2D4571}.Release|x64.ActiveCfg = Release|Any CPU
		{8198C0CB-9340-44A7-8364-5262BD2D4571}.Release|x64.Build.0 = Release|Any CPU
		{8198C0CB-9340-44A7-8364-5262BD2D4571}.Release|x86.ActiveCfg = Release|Any CPU
		{8198C0CB-9340-44A7-8364-5262BD2D4571}.Release|x86.Build.0 = Release|Any CPU
		{AC40A8AD-8217-48A4-8A00-171199F9AB66}.Debug|Any CPU.ActiveCfg = Debug|Any CPU
		{AC40A8AD-8217-48A4-8A00-171199F9AB66}.Debug|Any CPU.Build.0 = Debug|Any CPU
		{AC40A8AD-8217-48A4-8A00-171199F9AB66}.Debug|x64.ActiveCfg = Debug|Any CPU
		{AC40A8AD-8217-48A4-8A00-171199F9AB66}.Debug|x64.Build.0 = Debug|Any CPU
		{AC40A8AD-8217-48A4-8A00-171199F9AB66}.Debug|x86.ActiveCfg = Debug|Any CPU
		{AC40A8AD-8217-48A4-8A00-171199F9AB66}.Debug|x86.Build.0 = Debug|Any CPU
		{AC40A8AD-8217-48A4-8A00-171199F9AB66}.Release|Any CPU.ActiveCfg = Release|Any CPU
		{AC40A8AD-8217-48A4-8A00-171199F9AB66}.Release|Any CPU.Build.0 = Release|Any CPU
		{AC40A8AD-8217-48A4-8A00-171199F9AB66}.Release|x64.ActiveCfg = Release|Any CPU
		{AC40A8AD-8217-48A4-8A00-171199F9AB66}.Release|x64.Build.0 = Release|Any CPU
		{AC40A8AD-8217-48A4-8A00-171199F9AB66}.Release|x86.ActiveCfg = Release|Any CPU
		{AC40A8AD-8217-48A4-8A00-171199F9AB66}.Release|x86.Build.0 = Release|Any CPU
		{A10D760D-7EBB-471D-B5A4-C42C142DA411}.Debug|Any CPU.ActiveCfg = Debug|Any CPU
		{A10D760D-7EBB-471D-B5A4-C42C142DA411}.Debug|Any CPU.Build.0 = Debug|Any CPU
		{A10D760D-7EBB-471D-B5A4-C42C142DA411}.Debug|x64.ActiveCfg = Debug|Any CPU
		{A10D760D-7EBB-471D-B5A4-C42C142DA411}.Debug|x64.Build.0 = Debug|Any CPU
		{A10D760D-7EBB-471D-B5A4-C42C142DA411}.Debug|x86.ActiveCfg = Debug|Any CPU
		{A10D760D-7EBB-471D-B5A4-C42C142DA411}.Debug|x86.Build.0 = Debug|Any CPU
		{A10D760D-7EBB-471D-B5A4-C42C142DA411}.Release|Any CPU.ActiveCfg = Release|Any CPU
		{A10D760D-7EBB-471D-B5A4-C42C142DA411}.Release|Any CPU.Build.0 = Release|Any CPU
		{A10D760D-7EBB-471D-B5A4-C42C142DA411}.Release|x64.ActiveCfg = Release|Any CPU
		{A10D760D-7EBB-471D-B5A4-C42C142DA411}.Release|x64.Build.0 = Release|Any CPU
		{A10D760D-7EBB-471D-B5A4-C42C142DA411}.Release|x86.ActiveCfg = Release|Any CPU
		{A10D760D-7EBB-471D-B5A4-C42C142DA411}.Release|x86.Build.0 = Release|Any CPU
		{29A49B6E-D7FD-46B3-8D3A-33497400083C}.Debug|Any CPU.ActiveCfg = Debug|Any CPU
		{29A49B6E-D7FD-46B3-8D3A-33497400083C}.Debug|Any CPU.Build.0 = Debug|Any CPU
		{29A49B6E-D7FD-46B3-8D3A-33497400083C}.Debug|x64.ActiveCfg = Debug|Any CPU
		{29A49B6E-D7FD-46B3-8D3A-33497400083C}.Debug|x64.Build.0 = Debug|Any CPU
		{29A49B6E-D7FD-46B3-8D3A-33497400083C}.Debug|x86.ActiveCfg = Debug|Any CPU
		{29A49B6E-D7FD-46B3-8D3A-33497400083C}.Debug|x86.Build.0 = Debug|Any CPU
		{29A49B6E-D7FD-46B3-8D3A-33497400083C}.Release|Any CPU.ActiveCfg = Release|Any CPU
		{29A49B6E-D7FD-46B3-8D3A-33497400083C}.Release|Any CPU.Build.0 = Release|Any CPU
		{29A49B6E-D7FD-46B3-8D3A-33497400083C}.Release|x64.ActiveCfg = Release|Any CPU
		{29A49B6E-D7FD-46B3-8D3A-33497400083C}.Release|x64.Build.0 = Release|Any CPU
		{29A49B6E-D7FD-46B3-8D3A-33497400083C}.Release|x86.ActiveCfg = Release|Any CPU
		{29A49B6E-D7FD-46B3-8D3A-33497400083C}.Release|x86.Build.0 = Release|Any CPU
	EndGlobalSection
	GlobalSection(SolutionProperties) = preSolution
		HideSolutionNode = FALSE
	EndGlobalSection
	GlobalSection(NestedProjects) = preSolution
		{08448D7C-1B78-4C7B-819C-FC852C7C6D14} = {C951172F-95CE-41EC-861A-E8A26A13B962}
		{AFE88EDC-61A2-429B-A338-14B3163797F9} = {C951172F-95CE-41EC-861A-E8A26A13B962}
		{A779B96A-AE74-47E7-B0CA-A02B26C1F61E} = {C951172F-95CE-41EC-861A-E8A26A13B962}
		{09D50F2C-8F30-455D-9F75-C4E84F344F48} = {F9440137-0C68-46F3-B235-D7805132DA3F}
		{4B5BF063-9CB1-4EDA-B66E-FF95AEE5FA20} = {09D50F2C-8F30-455D-9F75-C4E84F344F48}
		{2BE57DB9-E2A2-4D1B-A0BE-EF846999D8C2} = {09D50F2C-8F30-455D-9F75-C4E84F344F48}
		{32E368C2-BF35-4C46-BF89-549A0C46664C} = {09D50F2C-8F30-455D-9F75-C4E84F344F48}
		{8198C0CB-9340-44A7-8364-5262BD2D4571} = {09D50F2C-8F30-455D-9F75-C4E84F344F48}
		{AC40A8AD-8217-48A4-8A00-171199F9AB66} = {09D50F2C-8F30-455D-9F75-C4E84F344F48}
		{A10D760D-7EBB-471D-B5A4-C42C142DA411} = {09D50F2C-8F30-455D-9F75-C4E84F344F48}
		{29A49B6E-D7FD-46B3-8D3A-33497400083C} = {09D50F2C-8F30-455D-9F75-C4E84F344F48}
	EndGlobalSection
	GlobalSection(ExtensibilityGlobals) = postSolution
		SolutionGuid = {0A1E6870-A7CB-4165-960E-81486A3F1A0D}
	EndGlobalSection
EndGlobal
